// !$*UTF8*$!
{
	archiveVersion = 1;
	classes = {
	};
	objectVersion = 46;
	objects = {

/* Begin PBXBuildFile section */
		2F4EB962202B07390019AD8B /* MobileCoreServices.framework in Frameworks */ = {isa = PBXBuildFile; fileRef = 2F4EB95C202B06590019AD8B /* MobileCoreServices.framework */; };
		2F4EB97D202B07A70019AD8B /* Accelerate.framework in Frameworks */ = {isa = PBXBuildFile; fileRef = 2F4EB96F202B074D0019AD8B /* Accelerate.framework */; };
		2F7788931F530562008378D5 /* main.m in Sources */ = {isa = PBXBuildFile; fileRef = 2F7788921F530562008378D5 /* main.m */; };
		2F7788961F530562008378D5 /* AppDelegate.m in Sources */ = {isa = PBXBuildFile; fileRef = 2F7788951F530562008378D5 /* AppDelegate.m */; };
		2F77889E1F530562008378D5 /* Assets.xcassets in Resources */ = {isa = PBXBuildFile; fileRef = 2F77889D1F530562008378D5 /* Assets.xcassets */; };
		2F7788A11F530562008378D5 /* LaunchScreen.storyboard in Resources */ = {isa = PBXBuildFile; fileRef = 2F77889F1F530562008378D5 /* LaunchScreen.storyboard */; };
		2F7788A91F5306EF008378D5 /* ViewController.mm in Sources */ = {isa = PBXBuildFile; fileRef = 2F7788A81F5306EF008378D5 /* ViewController.mm */; };
		2F7788AB1F5306FD008378D5 /* ViewController.xib in Resources */ = {isa = PBXBuildFile; fileRef = 2F7788AA1F5306FD008378D5 /* ViewController.xib */; };
/* End PBXBuildFile section */

/* Begin PBXFileReference section */
		2F17CA1C1F6B1AF500629C05 /* mjin-player.xcodeproj */ = {isa = PBXFileReference; lastKnownFileType = "wrapper.pb-project"; path = "mjin-player.xcodeproj"; sourceTree = "<group>"; };
		2F4EB958202B05F40019AD8B /* ImageIO.framework */ = {isa = PBXFileReference; lastKnownFileType = wrapper.framework; name = ImageIO.framework; path = System/Library/Frameworks/ImageIO.framework; sourceTree = SDKROOT; };
		2F4EB95A202B06090019AD8B /* CoreGraphics.framework */ = {isa = PBXFileReference; lastKnownFileType = wrapper.framework; name = CoreGraphics.framework; path = System/Library/Frameworks/CoreGraphics.framework; sourceTree = SDKROOT; };
		2F4EB95C202B06590019AD8B /* MobileCoreServices.framework */ = {isa = PBXFileReference; lastKnownFileType = wrapper.framework; name = MobileCoreServices.framework; path = System/Library/Frameworks/MobileCoreServices.framework; sourceTree = SDKROOT; };
		2F4EB95E202B07140019AD8B /* CoreFoundation.framework */ = {isa = PBXFileReference; lastKnownFileType = wrapper.framework; name = CoreFoundation.framework; path = System/Library/Frameworks/CoreFoundation.framework; sourceTree = SDKROOT; };
		2F4EB960202B07270019AD8B /* CoreMedia.framework */ = {isa = PBXFileReference; lastKnownFileType = wrapper.framework; name = CoreMedia.framework; path = System/Library/Frameworks/CoreMedia.framework; sourceTree = SDKROOT; };
		2F4EB963202B07410019AD8B /* Foundation.framework */ = {isa = PBXFileReference; lastKnownFileType = wrapper.framework; name = Foundation.framework; path = System/Library/Frameworks/Foundation.framework; sourceTree = SDKROOT; };
		2F4EB965202B074C0019AD8B /* ARKit.framework */ = {isa = PBXFileReference; lastKnownFileType = wrapper.framework; name = ARKit.framework; path = System/Library/Frameworks/ARKit.framework; sourceTree = SDKROOT; };
		2F4EB966202B074C0019AD8B /* Accounts.framework */ = {isa = PBXFileReference; lastKnownFileType = wrapper.framework; name = Accounts.framework; path = System/Library/Frameworks/Accounts.framework; sourceTree = SDKROOT; };
		2F4EB967202B074C0019AD8B /* AudioUnit.framework */ = {isa = PBXFileReference; lastKnownFileType = wrapper.framework; name = AudioUnit.framework; path = System/Library/Frameworks/AudioUnit.framework; sourceTree = SDKROOT; };
		2F4EB968202B074C0019AD8B /* AdSupport.framework */ = {isa = PBXFileReference; lastKnownFileType = wrapper.framework; name = AdSupport.framework; path = System/Library/Frameworks/AdSupport.framework; sourceTree = SDKROOT; };
		2F4EB969202B074C0019AD8B /* AssetsLibrary.framework */ = {isa = PBXFileReference; lastKnownFileType = wrapper.framework; name = AssetsLibrary.framework; path = System/Library/Frameworks/AssetsLibrary.framework; sourceTree = SDKROOT; };
		2F4EB96A202B074C0019AD8B /* AudioToolbox.framework */ = {isa = PBXFileReference; lastKnownFileType = wrapper.framework; name = AudioToolbox.framework; path = System/Library/Frameworks/AudioToolbox.framework; sourceTree = SDKROOT; };
		2F4EB96B202B074C0019AD8B /* AVFoundation.framework */ = {isa = PBXFileReference; lastKnownFileType = wrapper.framework; name = AVFoundation.framework; path = System/Library/Frameworks/AVFoundation.framework; sourceTree = SDKROOT; };
		2F4EB96C202B074C0019AD8B /* CallKit.framework */ = {isa = PBXFileReference; lastKnownFileType = wrapper.framework; name = CallKit.framework; path = System/Library/Frameworks/CallKit.framework; sourceTree = SDKROOT; };
		2F4EB96D202B074D0019AD8B /* AddressBook.framework */ = {isa = PBXFileReference; lastKnownFileType = wrapper.framework; name = AddressBook.framework; path = System/Library/Frameworks/AddressBook.framework; sourceTree = SDKROOT; };
		2F4EB96E202B074D0019AD8B /* AVKit.framework */ = {isa = PBXFileReference; lastKnownFileType = wrapper.framework; name = AVKit.framework; path = System/Library/Frameworks/AVKit.framework; sourceTree = SDKROOT; };
		2F4EB96F202B074D0019AD8B /* Accelerate.framework */ = {isa = PBXFileReference; lastKnownFileType = wrapper.framework; name = Accelerate.framework; path = System/Library/Frameworks/Accelerate.framework; sourceTree = SDKROOT; };
		2F4EB970202B074D0019AD8B /* AddressBookUI.framework */ = {isa = PBXFileReference; lastKnownFileType = wrapper.framework; name = AddressBookUI.framework; path = System/Library/Frameworks/AddressBookUI.framework; sourceTree = SDKROOT; };
		2F77888E1F530562008378D5 /* ex02.app */ = {isa = PBXFileReference; explicitFileType = wrapper.application; includeInIndex = 0; path = ex02.app; sourceTree = BUILT_PRODUCTS_DIR; };
		2F7788921F530562008378D5 /* main.m */ = {isa = PBXFileReference; lastKnownFileType = sourcecode.c.objc; path = main.m; sourceTree = "<group>"; };
		2F7788941F530562008378D5 /* AppDelegate.h */ = {isa = PBXFileReference; lastKnownFileType = sourcecode.c.h; path = AppDelegate.h; sourceTree = "<group>"; };
		2F7788951F530562008378D5 /* AppDelegate.m */ = {isa = PBXFileReference; lastKnownFileType = sourcecode.c.objc; path = AppDelegate.m; sourceTree = "<group>"; };
		2F7788971F530562008378D5 /* ViewController.h */ = {isa = PBXFileReference; lastKnownFileType = sourcecode.c.h; path = ViewController.h; sourceTree = "<group>"; };
		2F77889D1F530562008378D5 /* Assets.xcassets */ = {isa = PBXFileReference; lastKnownFileType = folder.assetcatalog; path = Assets.xcassets; sourceTree = "<group>"; };
		2F7788A01F530562008378D5 /* Base */ = {isa = PBXFileReference; lastKnownFileType = file.storyboard; name = Base; path = Base.lproj/LaunchScreen.storyboard; sourceTree = "<group>"; };
		2F7788A21F530562008378D5 /* Info.plist */ = {isa = PBXFileReference; lastKnownFileType = text.plist.xml; path = Info.plist; sourceTree = "<group>"; };
		2F7788A81F5306EF008378D5 /* ViewController.mm */ = {isa = PBXFileReference; fileEncoding = 4; lastKnownFileType = sourcecode.cpp.objcpp; path = ViewController.mm; sourceTree = "<group>"; };
		2F7788AA1F5306FD008378D5 /* ViewController.xib */ = {isa = PBXFileReference; fileEncoding = 4; lastKnownFileType = file.xib; path = ViewController.xib; sourceTree = "<group>"; };
/* End PBXFileReference section */

/* Begin PBXFrameworksBuildPhase section */
		2F77888B1F530562008378D5 /* Frameworks */ = {
			isa = PBXFrameworksBuildPhase;
			buildActionMask = 2147483647;
			files = (
				2F4EB97D202B07A70019AD8B /* Accelerate.framework in Frameworks */,
				2F4EB962202B07390019AD8B /* MobileCoreServices.framework in Frameworks */,
			);
			runOnlyForDeploymentPostprocessing = 0;
		};
/* End PBXFrameworksBuildPhase section */

/* Begin PBXGroup section */
		2F17CA1D1F6B1AF500629C05 /* Products */ = {
			isa = PBXGroup;
			name = Products;
			sourceTree = "<group>";
		};
		2F7788851F530562008378D5 = {
			isa = PBXGroup;
			children = (
				2F7788901F530562008378D5 /* ex02 */,
				2F77888F1F530562008378D5 /* Products */,
				2FFF43FB1F57405A003D419D /* Frameworks */,
			);
			sourceTree = "<group>";
		};
		2F77888F1F530562008378D5 /* Products */ = {
			isa = PBXGroup;
			children = (
				2F77888E1F530562008378D5 /* ex02.app */,
			);
			name = Products;
			sourceTree = "<group>";
		};
		2F7788901F530562008378D5 /* ex02 */ = {
			isa = PBXGroup;
			children = (
				2F7788941F530562008378D5 /* AppDelegate.h */,
				2F7788951F530562008378D5 /* AppDelegate.m */,
				2F7788971F530562008378D5 /* ViewController.h */,
				2F7788A81F5306EF008378D5 /* ViewController.mm */,
				2F7788AA1F5306FD008378D5 /* ViewController.xib */,
				2F77889D1F530562008378D5 /* Assets.xcassets */,
				2F77889F1F530562008378D5 /* LaunchScreen.storyboard */,
				2F7788A21F530562008378D5 /* Info.plist */,
				2F7788911F530562008378D5 /* Supporting Files */,
			);
			path = ex02;
			sourceTree = "<group>";
		};
		2F7788911F530562008378D5 /* Supporting Files */ = {
			isa = PBXGroup;
			children = (
				2F7788921F530562008378D5 /* main.m */,
			);
			name = "Supporting Files";
			sourceTree = "<group>";
		};
		2FFF43FB1F57405A003D419D /* Frameworks */ = {
			isa = PBXGroup;
			children = (
				2F4EB96F202B074D0019AD8B /* Accelerate.framework */,
				2F4EB966202B074C0019AD8B /* Accounts.framework */,
				2F4EB96D202B074D0019AD8B /* AddressBook.framework */,
				2F4EB970202B074D0019AD8B /* AddressBookUI.framework */,
				2F4EB968202B074C0019AD8B /* AdSupport.framework */,
				2F4EB965202B074C0019AD8B /* ARKit.framework */,
				2F4EB969202B074C0019AD8B /* AssetsLibrary.framework */,
				2F4EB96A202B074C0019AD8B /* AudioToolbox.framework */,
				2F4EB967202B074C0019AD8B /* AudioUnit.framework */,
				2F4EB96B202B074C0019AD8B /* AVFoundation.framework */,
				2F4EB96E202B074D0019AD8B /* AVKit.framework */,
				2F4EB96C202B074C0019AD8B /* CallKit.framework */,
				2F4EB963202B07410019AD8B /* Foundation.framework */,
				2F4EB960202B07270019AD8B /* CoreMedia.framework */,
				2F4EB95E202B07140019AD8B /* CoreFoundation.framework */,
				2F4EB95C202B06590019AD8B /* MobileCoreServices.framework */,
				2F4EB95A202B06090019AD8B /* CoreGraphics.framework */,
				2F4EB958202B05F40019AD8B /* ImageIO.framework */,
				2F17CA1C1F6B1AF500629C05 /* mjin-player.xcodeproj */,
			);
			name = Frameworks;
			sourceTree = "<group>";
		};
/* End PBXGroup section */

/* Begin PBXNativeTarget section */
		2F77888D1F530562008378D5 /* ex02 */ = {
			isa = PBXNativeTarget;
			buildConfigurationList = 2F7788A51F530562008378D5 /* Build configuration list for PBXNativeTarget "ex02" */;
			buildPhases = (
				2F77888A1F530562008378D5 /* Sources */,
				2F77888B1F530562008378D5 /* Frameworks */,
				2F77888C1F530562008378D5 /* Resources */,
			);
			buildRules = (
			);
			dependencies = (
			);
			name = ex02;
			productName = "mjin-player";
			productReference = 2F77888E1F530562008378D5 /* ex02.app */;
			productType = "com.apple.product-type.application";
		};
/* End PBXNativeTarget section */

/* Begin PBXProject section */
		2F7788861F530562008378D5 /* Project object */ = {
			isa = PBXProject;
			attributes = {
				LastUpgradeCheck = 0830;
				ORGANIZATIONNAME = OpensourceGameStudio;
				TargetAttributes = {
					2F77888D1F530562008378D5 = {
						CreatedOnToolsVersion = 8.3.3;
						DevelopmentTeam = 8379YHJ3XA;
						ProvisioningStyle = Automatic;
					};
				};
			};
			buildConfigurationList = 2F7788891F530562008378D5 /* Build configuration list for PBXProject "ex02" */;
			compatibilityVersion = "Xcode 3.2";
			developmentRegion = English;
			hasScannedForEncodings = 0;
			knownRegions = (
				en,
				Base,
			);
			mainGroup = 2F7788851F530562008378D5;
			productRefGroup = 2F77888F1F530562008378D5 /* Products */;
			projectDirPath = "";
			projectReferences = (
				{
					ProductGroup = 2F17CA1D1F6B1AF500629C05 /* Products */;
					ProjectRef = 2F17CA1C1F6B1AF500629C05 /* mjin-player.xcodeproj */;
				},
			);
			projectRoot = "";
			targets = (
				2F77888D1F530562008378D5 /* ex02 */,
			);
		};
/* End PBXProject section */

/* Begin PBXResourcesBuildPhase section */
		2F77888C1F530562008378D5 /* Resources */ = {
			isa = PBXResourcesBuildPhase;
			buildActionMask = 2147483647;
			files = (
				2F7788A11F530562008378D5 /* LaunchScreen.storyboard in Resources */,
				2F7788AB1F5306FD008378D5 /* ViewController.xib in Resources */,
				2F77889E1F530562008378D5 /* Assets.xcassets in Resources */,
			);
			runOnlyForDeploymentPostprocessing = 0;
		};
/* End PBXResourcesBuildPhase section */

/* Begin PBXSourcesBuildPhase section */
		2F77888A1F530562008378D5 /* Sources */ = {
			isa = PBXSourcesBuildPhase;
			buildActionMask = 2147483647;
			files = (
				2F7788961F530562008378D5 /* AppDelegate.m in Sources */,
				2F7788931F530562008378D5 /* main.m in Sources */,
				2F7788A91F5306EF008378D5 /* ViewController.mm in Sources */,
			);
			runOnlyForDeploymentPostprocessing = 0;
		};
/* End PBXSourcesBuildPhase section */

/* Begin PBXVariantGroup section */
		2F77889F1F530562008378D5 /* LaunchScreen.storyboard */ = {
			isa = PBXVariantGroup;
			children = (
				2F7788A01F530562008378D5 /* Base */,
			);
			name = LaunchScreen.storyboard;
			sourceTree = "<group>";
		};
/* End PBXVariantGroup section */

/* Begin XCBuildConfiguration section */
		2F7788A31F530562008378D5 /* Debug */ = {
			isa = XCBuildConfiguration;
			buildSettings = {
				ALWAYS_SEARCH_USER_PATHS = NO;
				CLANG_ANALYZER_NONNULL = YES;
				CLANG_ANALYZER_NUMBER_OBJECT_CONVERSION = YES_AGGRESSIVE;
				CLANG_CXX_LANGUAGE_STANDARD = "gnu++0x";
				CLANG_CXX_LIBRARY = "libc++";
				CLANG_ENABLE_MODULES = YES;
				CLANG_ENABLE_OBJC_ARC = YES;
				CLANG_WARN_BOOL_CONVERSION = YES;
				CLANG_WARN_CONSTANT_CONVERSION = YES;
				CLANG_WARN_DIRECT_OBJC_ISA_USAGE = YES_ERROR;
				CLANG_WARN_DOCUMENTATION_COMMENTS = YES;
				CLANG_WARN_EMPTY_BODY = YES;
				CLANG_WARN_ENUM_CONVERSION = YES;
				CLANG_WARN_INFINITE_RECURSION = YES;
				CLANG_WARN_INT_CONVERSION = YES;
				CLANG_WARN_OBJC_ROOT_CLASS = YES_ERROR;
				CLANG_WARN_SUSPICIOUS_MOVE = YES;
				CLANG_WARN_UNREACHABLE_CODE = YES;
				CLANG_WARN__DUPLICATE_METHOD_MATCH = YES;
				"CODE_SIGN_IDENTITY[sdk=iphoneos*]" = "iPhone Developer";
				COPY_PHASE_STRIP = NO;
				DEBUG_INFORMATION_FORMAT = dwarf;
				ENABLE_STRICT_OBJC_MSGSEND = YES;
				ENABLE_TESTABILITY = YES;
				GCC_C_LANGUAGE_STANDARD = gnu99;
				GCC_DYNAMIC_NO_PIC = NO;
				GCC_NO_COMMON_BLOCKS = YES;
				GCC_OPTIMIZATION_LEVEL = 0;
				GCC_PREPROCESSOR_DEFINITIONS = (
					"DEBUG=1",
					"$(inherited)",
				);
				GCC_WARN_64_TO_32_BIT_CONVERSION = YES;
				GCC_WARN_ABOUT_RETURN_TYPE = YES_ERROR;
				GCC_WARN_UNDECLARED_SELECTOR = YES;
				GCC_WARN_UNINITIALIZED_AUTOS = YES_AGGRESSIVE;
				GCC_WARN_UNUSED_FUNCTION = YES;
				GCC_WARN_UNUSED_VARIABLE = YES;
				IPHONEOS_DEPLOYMENT_TARGET = 10.3;
				MTL_ENABLE_DEBUG_INFO = YES;
				ONLY_ACTIVE_ARCH = YES;
				SDKROOT = iphoneos;
				TARGETED_DEVICE_FAMILY = "1,2";
			};
			name = Debug;
		};
		2F7788A41F530562008378D5 /* Release */ = {
			isa = XCBuildConfiguration;
			buildSettings = {
				ALWAYS_SEARCH_USER_PATHS = NO;
				CLANG_ANALYZER_NONNULL = YES;
				CLANG_ANALYZER_NUMBER_OBJECT_CONVERSION = YES_AGGRESSIVE;
				CLANG_CXX_LANGUAGE_STANDARD = "gnu++0x";
				CLANG_CXX_LIBRARY = "libc++";
				CLANG_ENABLE_MODULES = YES;
				CLANG_ENABLE_OBJC_ARC = YES;
				CLANG_WARN_BOOL_CONVERSION = YES;
				CLANG_WARN_CONSTANT_CONVERSION = YES;
				CLANG_WARN_DIRECT_OBJC_ISA_USAGE = YES_ERROR;
				CLANG_WARN_DOCUMENTATION_COMMENTS = YES;
				CLANG_WARN_EMPTY_BODY = YES;
				CLANG_WARN_ENUM_CONVERSION = YES;
				CLANG_WARN_INFINITE_RECURSION = YES;
				CLANG_WARN_INT_CONVERSION = YES;
				CLANG_WARN_OBJC_ROOT_CLASS = YES_ERROR;
				CLANG_WARN_SUSPICIOUS_MOVE = YES;
				CLANG_WARN_UNREACHABLE_CODE = YES;
				CLANG_WARN__DUPLICATE_METHOD_MATCH = YES;
				"CODE_SIGN_IDENTITY[sdk=iphoneos*]" = "iPhone Developer";
				COPY_PHASE_STRIP = NO;
				DEBUG_INFORMATION_FORMAT = "dwarf-with-dsym";
				ENABLE_NS_ASSERTIONS = NO;
				ENABLE_STRICT_OBJC_MSGSEND = YES;
				GCC_C_LANGUAGE_STANDARD = gnu99;
				GCC_NO_COMMON_BLOCKS = YES;
				GCC_WARN_64_TO_32_BIT_CONVERSION = YES;
				GCC_WARN_ABOUT_RETURN_TYPE = YES_ERROR;
				GCC_WARN_UNDECLARED_SELECTOR = YES;
				GCC_WARN_UNINITIALIZED_AUTOS = YES_AGGRESSIVE;
				GCC_WARN_UNUSED_FUNCTION = YES;
				GCC_WARN_UNUSED_VARIABLE = YES;
				IPHONEOS_DEPLOYMENT_TARGET = 10.3;
				MTL_ENABLE_DEBUG_INFO = NO;
				SDKROOT = iphoneos;
				TARGETED_DEVICE_FAMILY = "1,2";
				VALIDATE_PRODUCT = YES;
			};
			name = Release;
		};
		2F7788A61F530562008378D5 /* Debug */ = {
			isa = XCBuildConfiguration;
			buildSettings = {
				ASSETCATALOG_COMPILER_APPICON_NAME = AppIcon;
				DEVELOPMENT_TEAM = 8379YHJ3XA;
				ENABLE_BITCODE = YES;
				INFOPLIST_FILE = "$(SRCROOT)/ex02/Info.plist";
				IPHONEOS_DEPLOYMENT_TARGET = 9.0;
				LD_RUNPATH_SEARCH_PATHS = "$(inherited) @executable_path/Frameworks";
				LIBRARY_SEARCH_PATHS = "$(inherited)";
				ONLY_ACTIVE_ARCH = NO;
				"OTHER_LDFLAGS[sdk=iphoneos*]" = "\"$(SRCROOT)/../build/Device/libex02.a\"";
				"OTHER_LDFLAGS[sdk=iphonesimulator*]" = "\"$(SRCROOT)/../build/Simulator/libex02.a\"";
				PRODUCT_BUNDLE_IDENTIFIER = org.opengamestudio.ex02;
				PRODUCT_NAME = "$(TARGET_NAME)";
				USER_HEADER_SEARCH_PATHS = "$(SRCROOT)/../src";
			};
			name = Debug;
		};
		2F7788A71F530562008378D5 /* Release */ = {
			isa = XCBuildConfiguration;
			buildSettings = {
				ASSETCATALOG_COMPILER_APPICON_NAME = AppIcon;
				DEVELOPMENT_TEAM = 8379YHJ3XA;
				ENABLE_BITCODE = YES;
				INFOPLIST_FILE = "$(SRCROOT)/ex02/Info.plist";
				IPHONEOS_DEPLOYMENT_TARGET = 9.0;
				LD_RUNPATH_SEARCH_PATHS = "$(inherited) @executable_path/Frameworks";
				LIBRARY_SEARCH_PATHS = "$(inherited)";
				ONLY_ACTIVE_ARCH = NO;
				"OTHER_LDFLAGS[sdk=iphoneos*]" = "\"$(SRCROOT)/../build/Device/libex02.a\"";
				"OTHER_LDFLAGS[sdk=iphonesimulator*]" = "\"$(SRCROOT)/../build/Simulator/libex02.a\"";
				PRODUCT_BUNDLE_IDENTIFIER = org.opengamestudio.ex02;
				PRODUCT_NAME = "$(TARGET_NAME)";
				USER_HEADER_SEARCH_PATHS = "$(SRCROOT)/../src";
			};
			name = Release;
		};
/* End XCBuildConfiguration section */

/* Begin XCConfigurationList section */
		2F7788891F530562008378D5 /* Build configuration list for PBXProject "ex02" */ = {
			isa = XCConfigurationList;
			buildConfigurations = (
				2F7788A31F530562008378D5 /* Debug */,
				2F7788A41F530562008378D5 /* Release */,
			);
			defaultConfigurationIsVisible = 0;
			defaultConfigurationName = Release;
		};
		2F7788A51F530562008378D5 /* Build configuration list for PBXNativeTarget "ex02" */ = {
			isa = XCConfigurationList;
			buildConfigurations = (
				2F7788A61F530562008378D5 /* Debug */,
				2F7788A71F530562008378D5 /* Release */,
			);
			defaultConfigurationIsVisible = 0;
			defaultConfigurationName = Release;
		};
/* End XCConfigurationList section */
	};
	rootObject = 2F7788861F530562008378D5 /* Project object */;
}
